
Microsoft Visual Studio Solution File, Format Version 12.00
# Visual Studio Version 17
VisualStudioVersion = 17.8.34408.163
MinimumVisualStudioVersion = 10.0.40219.1
Project("{FAE04EC0-301F-11D3-BF4B-00C04F79EFBC}") = "OracleTest", "OracleTest.csproj", "{5B3F5F67-4499-4D96-B387-6D30F2DDD080}"
EndProject
Global
	GlobalSection(SolutionConfigurationPlatforms) = preSolution
		Debug|Any CPU = Debug|Any CPU
		Release|Any CPU = Release|Any CPU
	EndGlobalSection
	GlobalSection(ProjectConfigurationPlatforms) = postSolution
		{5B3F5F67-4499-4D96-B387-6D30F2DDD080}.Debug|Any CPU.ActiveCfg = Debug|Any CPU
		{5B3F5F67-4499-4D96-B387-6D30F2DDD080}.Debug|Any CPU.Build.0 = Debug|Any CPU
		{5B3F5F67-4499-4D96-B387-6D30F2DDD080}.Release|Any CPU.ActiveCfg = Release|Any CPU
		{5B3F5F67-4499-4D96-B387-6D30F2DDD080}.Release|Any CPU.Build.0 = Release|Any CPU
	EndGlobalSection
	GlobalSection(SolutionProperties) = preSolution
		HideSolutionNode = FALSE
	EndGlobalSection
	GlobalSection(ExtensibilityGlobals) = postSolution
		SolutionGuid = {00AFA21D-194E-47EE-9407-19799B6C6421}
	EndGlobalSection
EndGlobal
